
Microsoft Visual Studio Solution File, Format Version 12.00
# Visual Studio Version 16
VisualStudioVersion = 16.0.29519.181
MinimumVisualStudioVersion = 10.0.40219.1
Project("{FAE04EC0-301F-11D3-BF4B-00C04F79EFBC}") = "MediatRDemo", "MediatRDemo.csproj", "{C8970520-5291-457F-BEC4-09E1C62E5B12}"
EndProject
Global
	GlobalSection(SolutionConfigurationPlatforms) = preSolution
		Debug|Any CPU = Debug|Any CPU
		Release|Any CPU = Release|Any CPU
	EndGlobalSection
	GlobalSection(ProjectConfigurationPlatforms) = postSolution
		{C8970520-5291-457F-BEC4-09E1C62E5B12}.Debug|Any CPU.ActiveCfg = Debug|Any CPU
		{C8970520-5291-457F-BEC4-09E1C62E5B12}.Debug|Any CPU.Build.0 = Debug|Any CPU
		{C8970520-5291-457F-BEC4-09E1C62E5B12}.Release|Any CPU.ActiveCfg = Release|Any CPU
		{C8970520-5291-457F-BEC4-09E1C62E5B12}.Release|Any CPU.Build.0 = Release|Any CPU
	EndGlobalSection
	GlobalSection(SolutionProperties) = preSolution
		HideSolutionNode = FALSE
	EndGlobalSection
	GlobalSection(ExtensibilityGlobals) = postSolution
		SolutionGuid = {61181531-3295-4299-BE07-47BF366C1584}
	EndGlobalSection
EndGlobal
